version: 7
environments:
  default:
    channels:
    - url: https://prefix.dev/conda-forge/
    packages:
      linux-64:
      - conda: ./recipes/linkerd
        variants:
          target_platform: linux-64
      osx-arm64:
      - conda: ./recipes/linkerd
        variants:
          target_platform: osx-arm64
packages:
- conda: ./recipes/linkerd
  name: linkerd
  license: Apache-2.0
  input:
    hash: 498b8ffc51e58c1231e9a45e2d8490b2e85952996ba7f05cadc5121594a4b644
    globs:
    - variants.yaml
  variants:
    target_platform: linux-64
- conda: ./recipes/linkerd
  name: linkerd
  license: Apache-2.0
  input:
    hash: 498b8ffc51e58c1231e9a45e2d8490b2e85952996ba7f05cadc5121594a4b644
    globs:
    - variants.yaml
  variants:
    target_platform: osx-arm64
