version: 7
environments:
  default:
    channels:
    - url: https://conda.anaconda.org/conda-forge/
    packages:
      linux-64:
      - conda: b
        variants:
          target_platform: linux-64
      osx-64:
      - conda: b
        variants:
          target_platform: osx-64
      osx-arm64:
      - conda: b
        variants:
          target_platform: osx-arm64
      win-64:
      - conda: b
        variants:
          target_platform: win-64
packages:
- conda: b
  name: b
  input:
    hash: 79fa2f60c7fc4d492e2bc45a71d175075e4010c2d7f628e61f89338c1a8f6c0c
    globs:
    - recipe.yaml
    - variants.yaml
  variants:
    target_platform: linux-64
- conda: b
  name: b
  input:
    hash: 79fa2f60c7fc4d492e2bc45a71d175075e4010c2d7f628e61f89338c1a8f6c0c
    globs:
    - recipe.yaml
    - variants.yaml
  variants:
    target_platform: osx-64
- conda: b
  name: b
  input:
    hash: 79fa2f60c7fc4d492e2bc45a71d175075e4010c2d7f628e61f89338c1a8f6c0c
    globs:
    - recipe.yaml
    - variants.yaml
  variants:
    target_platform: osx-arm64
- conda: b
  name: b
  input:
    hash: 79fa2f60c7fc4d492e2bc45a71d175075e4010c2d7f628e61f89338c1a8f6c0c
    globs:
    - recipe.yaml
    - variants.yaml
  variants:
    target_platform: win-64
