version: 7
environments:
  default:
    channels:
    - url: https://prefix.dev/conda-forge/
    packages:
      linux-64:
      - conda: .
        variants:
          target_platform: linux-64
      osx-64:
      - conda: .
        variants:
          target_platform: osx-64
      osx-arm64:
      - conda: .
        variants:
          target_platform: osx-arm64
      win-64:
      - conda: .
        variants:
          target_platform: win-64
packages:
- conda: .
  name: simple-app
  input:
    hash: 8d1d52341921800e7ab8a779709ab7deec64a6281480dfda121b9e6aaea71c4d
    globs:
    - variants.yaml
  variants:
    target_platform: linux-64
- conda: .
  name: simple-app
  input:
    hash: 8d1d52341921800e7ab8a779709ab7deec64a6281480dfda121b9e6aaea71c4d
    globs:
    - variants.yaml
  variants:
    target_platform: osx-64
- conda: .
  name: simple-app
  input:
    hash: 8d1d52341921800e7ab8a779709ab7deec64a6281480dfda121b9e6aaea71c4d
    globs:
    - variants.yaml
  variants:
    target_platform: osx-arm64
- conda: .
  name: simple-app
  input:
    hash: 8d1d52341921800e7ab8a779709ab7deec64a6281480dfda121b9e6aaea71c4d
    globs:
    - variants.yaml
  variants:
    target_platform: win-64
